
Microsoft Visual Studio Solution File, Format Version 12.00
# Visual Studio Version 17
VisualStudioVersion = 17.7.34031.279
MinimumVisualStudioVersion = 10.0.40219.1
Project("{FAE04EC0-301F-11D3-BF4B-00C04F79EFBC}") = "WindowFormListView", "WindowFormListView\WindowFormListView.csproj", "{86245F95-7A29-4E51-A3AE-437D25E2F6FB}"
EndProject
Global
	GlobalSection(SolutionConfigurationPlatforms) = preSolution
		Debug|Any CPU = Debug|Any CPU
		Release|Any CPU = Release|Any CPU
	EndGlobalSection
	GlobalSection(ProjectConfigurationPlatforms) = postSolution
		{86245F95-7A29-4E51-A3AE-437D25E2F6FB}.Debug|Any CPU.ActiveCfg = Debug|Any CPU
		{86245F95-7A29-4E51-A3AE-437D25E2F6FB}.Debug|Any CPU.Build.0 = Debug|Any CPU
		{86245F95-7A29-4E51-A3AE-437D25E2F6FB}.Release|Any CPU.ActiveCfg = Release|Any CPU
		{86245F95-7A29-4E51-A3AE-437D25E2F6FB}.Release|Any CPU.Build.0 = Release|Any CPU
	EndGlobalSection
	GlobalSection(SolutionProperties) = preSolution
		HideSolutionNode = FALSE
	EndGlobalSection
	GlobalSection(ExtensibilityGlobals) = postSolution
		SolutionGuid = {6ADDC4BC-4932-4673-BC21-FD2ABC3FBC9F}
	EndGlobalSection
EndGlobal
